PODS:
  - Firebase/Auth (4.13.0):
    - Firebase/Core
    - FirebaseAuth (= 4.6.1)
  - Firebase/Core (4.13.0):
    - FirebaseAnalytics (= 4.2.0)
    - FirebaseCore (= 4.0.20)
  - Firebase/Storage (4.13.0):
    - Firebase/Core
    - FirebaseStorage (= 2.2.0)
  - FirebaseAnalytics (4.2.0):
    - FirebaseCore (~> 4.0)
    - FirebaseInstanceID (~> 2.0)
    - "GoogleToolboxForMac/NSData+zlib (~> 2.1)"
    - nanopb (~> 0.3)
  - FirebaseAuth (4.6.1):
    - FirebaseAnalytics (~> 4.2)
    - "GoogleToolboxForMac/NSDictionary+URLArguments (~> 2.1)"
    - GTMSessionFetcher/Core (~> 1.1)
  - FirebaseCore (4.0.20):
    - "GoogleToolboxForMac/NSData+zlib (~> 2.1)"
  - FirebaseInstanceID (2.0.10):
    - FirebaseCore (~> 4.0)
  - FirebaseStorage (2.2.0):
    - FirebaseAnalytics (~> 4.1)
    - FirebaseCore (~> 4.0)
    - GTMSessionFetcher/Core (~> 1.1)
  - GoogleToolboxForMac/DebugUtils (2.1.4):
    - GoogleToolboxForMac/Defines (= 2.1.4)
  - GoogleToolboxForMac/Defines (2.1.4)
  - "GoogleToolboxForMac/NSData+zlib (2.1.4)":
    - GoogleToolboxForMac/Defines (= 2.1.4)
  - "GoogleToolboxForMac/NSDictionary+URLArguments (2.1.4)":
    - GoogleToolboxForMac/DebugUtils (= 2.1.4)
    - GoogleToolboxForMac/Defines (= 2.1.4)
    - "GoogleToolboxForMac/NSString+URLArguments (= 2.1.4)"
  - "GoogleToolboxForMac/NSString+URLArguments (2.1.4)"
  - GTMSessionFetcher/Core (1.1.15)
  - KYDrawerController (2.0.4)
  - nanopb (0.3.8):
    - nanopb/decode (= 0.3.8)
    - nanopb/encode (= 0.3.8)
  - nanopb/decode (0.3.8)
  - nanopb/encode (0.3.8)
  - PieCharts (0.0.6)

DEPENDENCIES:
  - Firebase/Auth
  - Firebase/Core
  - Firebase/Storage
  - KYDrawerController
  - PieCharts

SPEC REPOS:
  https://github.com/CocoaPods/Specs.git:
    - Firebase
    - FirebaseAnalytics
    - FirebaseAuth
    - FirebaseCore
    - FirebaseInstanceID
    - FirebaseStorage
    - GoogleToolboxForMac
    - GTMSessionFetcher
    - KYDrawerController
    - nanopb
    - PieCharts

SPEC CHECKSUMS:
  Firebase: 3b4ceb6ede8280e5a83737351405e88722bed80c
  FirebaseAnalytics: dbb8eb678c84164fb82bb3dc558c83d5b90f9338
  FirebaseAuth: 3fd7d0657df87baa260d171bf97713ed7846fb57
  FirebaseCore: 69b9b1668d5ada67e958d42478add58b64e2e2e6
  FirebaseInstanceID: 8d20d890d65c917f9f7d9950b6e10a760ad34321
  FirebaseStorage: f8456aec65c1b1b684edb20211fb070ca29acb91
  GoogleToolboxForMac: 0417945efb82412f3396303ee85d8b6ae9d7c167
  GTMSessionFetcher: 33e3b00bddc669520a5683d96023721d73d27a41
  KYDrawerController: cf5839877c442132123e9d482f458821026defdf
  nanopb: 5601e6bca2dbf1ed831b519092ec110f66982ca3
  PieCharts: f4f866b3ed45dbeda355cc64664091024a9819ee

PODFILE CHECKSUM: 95c6d55c77e50f889bc469d86b6e9bd9f0c27d91

COCOAPODS: 1.5.0
