// !$*UTF8*$!
{
	archiveVersion = 1;
	classes = {
	};
	objectVersion = 48;
	objects = {

/* Begin PBXBuildFile section */
		474D5E48209147A1001199E7 /* DrawerViewController.swift in Sources */ = {isa = PBXBuildFile; fileRef = 474D5E47209147A1001199E7 /* DrawerViewController.swift */; };
		478259922091F96400221820 /* ProfileViewController.swift in Sources */ = {isa = PBXBuildFile; fileRef = 478259912091F96400221820 /* ProfileViewController.swift */; };
		478571AF209B3B1B00BF685B /* Activity.swift in Sources */ = {isa = PBXBuildFile; fileRef = 478571AE209B3B1B00BF685B /* Activity.swift */; };
		478571B1209B3C9E00BF685B /* ActivityCollectionViewCell.swift in Sources */ = {isa = PBXBuildFile; fileRef = 478571B0209B3C9E00BF685B /* ActivityCollectionViewCell.swift */; };
		47A0DA5F209B444A00CE8AC7 /* fontawesome-webfont.ttf in Resources */ = {isa = PBXBuildFile; fileRef = 478571B2209B416B00BF685B /* fontawesome-webfont.ttf */; };
		47A0DA63209C98C600CE8AC7 /* ActivityDetailViewController.swift in Sources */ = {isa = PBXBuildFile; fileRef = 47A0DA62209C98C600CE8AC7 /* ActivityDetailViewController.swift */; };
		47BC82F3209A2AC400265A62 /* StatisticsViewController.swift in Sources */ = {isa = PBXBuildFile; fileRef = 47BC82F2209A2AC400265A62 /* StatisticsViewController.swift */; };
		47BC82F7209A2C0200265A62 /* TimeLineViewController.swift in Sources */ = {isa = PBXBuildFile; fileRef = 47BC82F6209A2C0200265A62 /* TimeLineViewController.swift */; };
		47E6165720995BEA007E3118 /* GoogleService-Info.plist in Resources */ = {isa = PBXBuildFile; fileRef = 47E6165620995BEA007E3118 /* GoogleService-Info.plist */; };
		47E6165A209966CF007E3118 /* ActivityViewController.swift in Sources */ = {isa = PBXBuildFile; fileRef = 47E61659209966CF007E3118 /* ActivityViewController.swift */; };
		47E6165C20996AA7007E3118 /* ActivityViewController.storyboard in Resources */ = {isa = PBXBuildFile; fileRef = 47E6165B20996AA7007E3118 /* ActivityViewController.storyboard */; };
		47F03F2B2091513F007C3316 /* MenuTableViewController.swift in Sources */ = {isa = PBXBuildFile; fileRef = 47F03F2A2091513F007C3316 /* MenuTableViewController.swift */; };
		5D91A2327E720D7C5A187938 /* Pods_SaveMyTime.framework in Frameworks */ = {isa = PBXBuildFile; fileRef = BBACFD0A4936403907836B15 /* Pods_SaveMyTime.framework */; };
		A077D541209AA83600B6C83A /* (null) in Resources */ = {isa = PBXBuildFile; };
		A08080A3209AA9440067A716 /* ProfileViewController.storyboard in Resources */ = {isa = PBXBuildFile; fileRef = A08080A2209AA9440067A716 /* ProfileViewController.storyboard */; };
		A08080A5209AA9D60067A716 /* TimeLineViewController.storyboard in Resources */ = {isa = PBXBuildFile; fileRef = A08080A4209AA9D60067A716 /* TimeLineViewController.storyboard */; };
		A0B84C402071E17E009B34D6 /* AppDelegate.swift in Sources */ = {isa = PBXBuildFile; fileRef = A0B84C3F2071E17E009B34D6 /* AppDelegate.swift */; };
		A0B84C452071E17E009B34D6 /* Main.storyboard in Resources */ = {isa = PBXBuildFile; fileRef = A0B84C432071E17E009B34D6 /* Main.storyboard */; };
		A0B84C4A2071E17E009B34D6 /* Assets.xcassets in Resources */ = {isa = PBXBuildFile; fileRef = A0B84C492071E17E009B34D6 /* Assets.xcassets */; };
		A0B84C4D2071E17E009B34D6 /* LaunchScreen.storyboard in Resources */ = {isa = PBXBuildFile; fileRef = A0B84C4B2071E17E009B34D6 /* LaunchScreen.storyboard */; };
		A0B84C572071EBE5009B34D6 /* work.png in Resources */ = {isa = PBXBuildFile; fileRef = A0B84C562071EBE5009B34D6 /* work.png */; };
		A0B84C592071ED7B009B34D6 /* meal.png in Resources */ = {isa = PBXBuildFile; fileRef = A0B84C582071ED7B009B34D6 /* meal.png */; };
		A0B84C5C2071ED88009B34D6 /* entertainment.png in Resources */ = {isa = PBXBuildFile; fileRef = A0B84C5A2071ED88009B34D6 /* entertainment.png */; };
		A0B84C5D2071ED88009B34D6 /* shopping.png in Resources */ = {isa = PBXBuildFile; fileRef = A0B84C5B2071ED88009B34D6 /* shopping.png */; };
		A0B84C642071ED97009B34D6 /* trnsportation.jpeg in Resources */ = {isa = PBXBuildFile; fileRef = A0B84C5E2071ED97009B34D6 /* trnsportation.jpeg */; };
		A0B84C652071ED97009B34D6 /* family.png in Resources */ = {isa = PBXBuildFile; fileRef = A0B84C5F2071ED97009B34D6 /* family.png */; };
		A0B84C662071ED97009B34D6 /* exercise.jpeg in Resources */ = {isa = PBXBuildFile; fileRef = A0B84C602071ED97009B34D6 /* exercise.jpeg */; };
		A0B84C672071ED97009B34D6 /* organize.jpeg in Resources */ = {isa = PBXBuildFile; fileRef = A0B84C612071ED97009B34D6 /* organize.jpeg */; };
		A0B84C682071ED97009B34D6 /* social.png in Resources */ = {isa = PBXBuildFile; fileRef = A0B84C622071ED97009B34D6 /* social.png */; };
		A0B84C692071ED97009B34D6 /* sleep.png in Resources */ = {isa = PBXBuildFile; fileRef = A0B84C632071ED97009B34D6 /* sleep.png */; };
/* End PBXBuildFile section */

/* Begin PBXFileReference section */
		102878820469CF5D3C953781 /* Pods-SaveMyTime.debug.xcconfig */ = {isa = PBXFileReference; includeInIndex = 1; lastKnownFileType = text.xcconfig; name = "Pods-SaveMyTime.debug.xcconfig"; path = "Pods/Target Support Files/Pods-SaveMyTime/Pods-SaveMyTime.debug.xcconfig"; sourceTree = "<group>"; };
		1CFD217EFF9B54E1801063B6 /* Pods-SaveMyTime.release.xcconfig */ = {isa = PBXFileReference; includeInIndex = 1; lastKnownFileType = text.xcconfig; name = "Pods-SaveMyTime.release.xcconfig"; path = "Pods/Target Support Files/Pods-SaveMyTime/Pods-SaveMyTime.release.xcconfig"; sourceTree = "<group>"; };
		474D5E47209147A1001199E7 /* DrawerViewController.swift */ = {isa = PBXFileReference; fileEncoding = 4; lastKnownFileType = sourcecode.swift; path = DrawerViewController.swift; sourceTree = "<group>"; };
		478259912091F96400221820 /* ProfileViewController.swift */ = {isa = PBXFileReference; fileEncoding = 4; lastKnownFileType = sourcecode.swift; path = ProfileViewController.swift; sourceTree = "<group>"; };
		478571AE209B3B1B00BF685B /* Activity.swift */ = {isa = PBXFileReference; lastKnownFileType = sourcecode.swift; path = Activity.swift; sourceTree = "<group>"; };
		478571B0209B3C9E00BF685B /* ActivityCollectionViewCell.swift */ = {isa = PBXFileReference; lastKnownFileType = sourcecode.swift; path = ActivityCollectionViewCell.swift; sourceTree = "<group>"; };
		478571B2209B416B00BF685B /* fontawesome-webfont.ttf */ = {isa = PBXFileReference; lastKnownFileType = file; path = "fontawesome-webfont.ttf"; sourceTree = "<group>"; };
		47A0DA62209C98C600CE8AC7 /* ActivityDetailViewController.swift */ = {isa = PBXFileReference; lastKnownFileType = sourcecode.swift; path = ActivityDetailViewController.swift; sourceTree = "<group>"; };
		47BC82F2209A2AC400265A62 /* StatisticsViewController.swift */ = {isa = PBXFileReference; lastKnownFileType = sourcecode.swift; path = StatisticsViewController.swift; sourceTree = "<group>"; };
		47BC82F6209A2C0200265A62 /* TimeLineViewController.swift */ = {isa = PBXFileReference; lastKnownFileType = sourcecode.swift; path = TimeLineViewController.swift; sourceTree = "<group>"; };
		47E6165620995BEA007E3118 /* GoogleService-Info.plist */ = {isa = PBXFileReference; fileEncoding = 4; lastKnownFileType = text.plist.xml; path = "GoogleService-Info.plist"; sourceTree = "<group>"; };
		47E61659209966CF007E3118 /* ActivityViewController.swift */ = {isa = PBXFileReference; lastKnownFileType = sourcecode.swift; path = ActivityViewController.swift; sourceTree = "<group>"; };
		47E6165B20996AA7007E3118 /* ActivityViewController.storyboard */ = {isa = PBXFileReference; lastKnownFileType = file.storyboard; path = ActivityViewController.storyboard; sourceTree = "<group>"; };
		47F03F2A2091513F007C3316 /* MenuTableViewController.swift */ = {isa = PBXFileReference; lastKnownFileType = sourcecode.swift; path = MenuTableViewController.swift; sourceTree = "<group>"; };
		A08080A2209AA9440067A716 /* ProfileViewController.storyboard */ = {isa = PBXFileReference; fileEncoding = 4; lastKnownFileType = file.storyboard; path = ProfileViewController.storyboard; sourceTree = "<group>"; };
		A08080A4209AA9D60067A716 /* TimeLineViewController.storyboard */ = {isa = PBXFileReference; fileEncoding = 4; lastKnownFileType = file.storyboard; path = TimeLineViewController.storyboard; sourceTree = "<group>"; };
		A0B84C3C2071E17D009B34D6 /* SaveMyTime.app */ = {isa = PBXFileReference; explicitFileType = wrapper.application; includeInIndex = 0; path = SaveMyTime.app; sourceTree = BUILT_PRODUCTS_DIR; };
		A0B84C3F2071E17E009B34D6 /* AppDelegate.swift */ = {isa = PBXFileReference; lastKnownFileType = sourcecode.swift; path = AppDelegate.swift; sourceTree = "<group>"; };
		A0B84C442071E17E009B34D6 /* Base */ = {isa = PBXFileReference; lastKnownFileType = file.storyboard; name = Base; path = Base.lproj/Main.storyboard; sourceTree = "<group>"; };
		A0B84C472071E17E009B34D6 /* SaveMyTime.xcdatamodel */ = {isa = PBXFileReference; lastKnownFileType = wrapper.xcdatamodel; path = SaveMyTime.xcdatamodel; sourceTree = "<group>"; };
		A0B84C492071E17E009B34D6 /* Assets.xcassets */ = {isa = PBXFileReference; lastKnownFileType = folder.assetcatalog; path = Assets.xcassets; sourceTree = "<group>"; };
		A0B84C4C2071E17E009B34D6 /* Base */ = {isa = PBXFileReference; lastKnownFileType = file.storyboard; name = Base; path = Base.lproj/LaunchScreen.storyboard; sourceTree = "<group>"; };
		A0B84C4E2071E17E009B34D6 /* Info.plist */ = {isa = PBXFileReference; lastKnownFileType = text.plist.xml; path = Info.plist; sourceTree = "<group>"; };
		A0B84C542071E977009B34D6 /* fa-regular-400.ttf */ = {isa = PBXFileReference; lastKnownFileType = file; path = "fa-regular-400.ttf"; sourceTree = "<group>"; };
		A0B84C562071EBE5009B34D6 /* work.png */ = {isa = PBXFileReference; lastKnownFileType = image.png; path = work.png; sourceTree = "<group>"; };
		A0B84C582071ED7B009B34D6 /* meal.png */ = {isa = PBXFileReference; lastKnownFileType = image.png; path = meal.png; sourceTree = "<group>"; };
		A0B84C5A2071ED88009B34D6 /* entertainment.png */ = {isa = PBXFileReference; lastKnownFileType = image.png; path = entertainment.png; sourceTree = "<group>"; };
		A0B84C5B2071ED88009B34D6 /* shopping.png */ = {isa = PBXFileReference; lastKnownFileType = image.png; path = shopping.png; sourceTree = "<group>"; };
		A0B84C5E2071ED97009B34D6 /* trnsportation.jpeg */ = {isa = PBXFileReference; lastKnownFileType = image.jpeg; path = trnsportation.jpeg; sourceTree = "<group>"; };
		A0B84C5F2071ED97009B34D6 /* family.png */ = {isa = PBXFileReference; lastKnownFileType = image.png; path = family.png; sourceTree = "<group>"; };
		A0B84C602071ED97009B34D6 /* exercise.jpeg */ = {isa = PBXFileReference; lastKnownFileType = image.jpeg; path = exercise.jpeg; sourceTree = "<group>"; };
		A0B84C612071ED97009B34D6 /* organize.jpeg */ = {isa = PBXFileReference; lastKnownFileType = image.jpeg; path = organize.jpeg; sourceTree = "<group>"; };
		A0B84C622071ED97009B34D6 /* social.png */ = {isa = PBXFileReference; lastKnownFileType = image.png; path = social.png; sourceTree = "<group>"; };
		A0B84C632071ED97009B34D6 /* sleep.png */ = {isa = PBXFileReference; lastKnownFileType = image.png; path = sleep.png; sourceTree = "<group>"; };
		BBACFD0A4936403907836B15 /* Pods_SaveMyTime.framework */ = {isa = PBXFileReference; explicitFileType = wrapper.framework; includeInIndex = 0; path = Pods_SaveMyTime.framework; sourceTree = BUILT_PRODUCTS_DIR; };
/* End PBXFileReference section */

/* Begin PBXFrameworksBuildPhase section */
		A0B84C392071E17D009B34D6 /* Frameworks */ = {
			isa = PBXFrameworksBuildPhase;
			buildActionMask = 2147483647;
			files = (
				5D91A2327E720D7C5A187938 /* Pods_SaveMyTime.framework in Frameworks */,
			);
			runOnlyForDeploymentPostprocessing = 0;
		};
/* End PBXFrameworksBuildPhase section */

/* Begin PBXGroup section */
		4782594F2091B37300221820 /* TimeLine */ = {
			isa = PBXGroup;
			children = (
				A08080A4209AA9D60067A716 /* TimeLineViewController.storyboard */,
				47BC82F1209A293800265A62 /* Statistics */,
				47BC82F0209A292300265A62 /* TrackTime */,
				47BC82F6209A2C0200265A62 /* TimeLineViewController.swift */,
			);
			path = TimeLine;
			sourceTree = "<group>";
		};
		478259902091F96400221820 /* Profile */ = {
			isa = PBXGroup;
			children = (
				A08080A2209AA9440067A716 /* ProfileViewController.storyboard */,
				478259912091F96400221820 /* ProfileViewController.swift */,
			);
			path = Profile;
			sourceTree = "<group>";
		};
		47BC82F0209A292300265A62 /* TrackTime */ = {
			isa = PBXGroup;
			children = (
			);
			path = TrackTime;
			sourceTree = "<group>";
		};
		47BC82F1209A293800265A62 /* Statistics */ = {
			isa = PBXGroup;
			children = (
				47BC82F2209A2AC400265A62 /* StatisticsViewController.swift */,
			);
			path = Statistics;
			sourceTree = "<group>";
		};
		47E61658209965D3007E3118 /* Activity */ = {
			isa = PBXGroup;
			children = (
				47E6165B20996AA7007E3118 /* ActivityViewController.storyboard */,
				47E61659209966CF007E3118 /* ActivityViewController.swift */,
				478571AE209B3B1B00BF685B /* Activity.swift */,
				478571B0209B3C9E00BF685B /* ActivityCollectionViewCell.swift */,
				47A0DA62209C98C600CE8AC7 /* ActivityDetailViewController.swift */,
			);
			path = Activity;
			sourceTree = "<group>";
		};
		563A127E164EEA307565B428 /* Frameworks */ = {
			isa = PBXGroup;
			children = (
				BBACFD0A4936403907836B15 /* Pods_SaveMyTime.framework */,
			);
			name = Frameworks;
			sourceTree = "<group>";
		};
		A0B84C332071E17D009B34D6 = {
			isa = PBXGroup;
			children = (
				A0B84C3E2071E17D009B34D6 /* SaveMyTime */,
				A0B84C3D2071E17D009B34D6 /* Products */,
				EDD5FBA437F54997E6367395 /* Pods */,
				563A127E164EEA307565B428 /* Frameworks */,
			);
			sourceTree = "<group>";
		};
		A0B84C3D2071E17D009B34D6 /* Products */ = {
			isa = PBXGroup;
			children = (
				A0B84C3C2071E17D009B34D6 /* SaveMyTime.app */,
			);
			name = Products;
			sourceTree = "<group>";
		};
		A0B84C3E2071E17D009B34D6 /* SaveMyTime */ = {
			isa = PBXGroup;
			children = (
				478571B2209B416B00BF685B /* fontawesome-webfont.ttf */,
				47E6165620995BEA007E3118 /* GoogleService-Info.plist */,
				47E61658209965D3007E3118 /* Activity */,
				478259902091F96400221820 /* Profile */,
				4782594F2091B37300221820 /* TimeLine */,
				47F03F2A2091513F007C3316 /* MenuTableViewController.swift */,
				474D5E47209147A1001199E7 /* DrawerViewController.swift */,
				A0B84C552071EB70009B34D6 /* supportingImages */,
				A0B84C542071E977009B34D6 /* fa-regular-400.ttf */,
				A0B84C3F2071E17E009B34D6 /* AppDelegate.swift */,
				A0B84C432071E17E009B34D6 /* Main.storyboard */,
				A0B84C492071E17E009B34D6 /* Assets.xcassets */,
				A0B84C4B2071E17E009B34D6 /* LaunchScreen.storyboard */,
				A0B84C4E2071E17E009B34D6 /* Info.plist */,
				A0B84C462071E17E009B34D6 /* SaveMyTime.xcdatamodeld */,
			);
			path = SaveMyTime;
			sourceTree = "<group>";
		};
		A0B84C552071EB70009B34D6 /* supportingImages */ = {
			isa = PBXGroup;
			children = (
				A0B84C602071ED97009B34D6 /* exercise.jpeg */,
				A0B84C5F2071ED97009B34D6 /* family.png */,
				A0B84C612071ED97009B34D6 /* organize.jpeg */,
				A0B84C632071ED97009B34D6 /* sleep.png */,
				A0B84C622071ED97009B34D6 /* social.png */,
				A0B84C5E2071ED97009B34D6 /* trnsportation.jpeg */,
				A0B84C5A2071ED88009B34D6 /* entertainment.png */,
				A0B84C5B2071ED88009B34D6 /* shopping.png */,
				A0B84C582071ED7B009B34D6 /* meal.png */,
				A0B84C562071EBE5009B34D6 /* work.png */,
			);
			path = supportingImages;
			sourceTree = "<group>";
		};
		EDD5FBA437F54997E6367395 /* Pods */ = {
			isa = PBXGroup;
			children = (
				102878820469CF5D3C953781 /* Pods-SaveMyTime.debug.xcconfig */,
				1CFD217EFF9B54E1801063B6 /* Pods-SaveMyTime.release.xcconfig */,
			);
			name = Pods;
			sourceTree = "<group>";
		};
/* End PBXGroup section */

/* Begin PBXNativeTarget section */
		A0B84C3B2071E17D009B34D6 /* SaveMyTime */ = {
			isa = PBXNativeTarget;
			buildConfigurationList = A0B84C512071E17E009B34D6 /* Build configuration list for PBXNativeTarget "SaveMyTime" */;
			buildPhases = (
				4680B7FDFCB735780BC0957B /* [CP] Check Pods Manifest.lock */,
				A0B84C382071E17D009B34D6 /* Sources */,
				A0B84C392071E17D009B34D6 /* Frameworks */,
				A0B84C3A2071E17D009B34D6 /* Resources */,
				B7C5344B63B695E49C0A7E17 /* [CP] Embed Pods Frameworks */,
			);
			buildRules = (
			);
			dependencies = (
			);
			name = SaveMyTime;
			productName = SaveMyTime;
			productReference = A0B84C3C2071E17D009B34D6 /* SaveMyTime.app */;
			productType = "com.apple.product-type.application";
		};
/* End PBXNativeTarget section */

/* Begin PBXProject section */
		A0B84C342071E17D009B34D6 /* Project object */ = {
			isa = PBXProject;
			attributes = {
				LastSwiftUpdateCheck = 0920;
				LastUpgradeCheck = 0920;
				ORGANIZATIONNAME = "Yuan zhou";
				TargetAttributes = {
					A0B84C3B2071E17D009B34D6 = {
						CreatedOnToolsVersion = 9.2;
						ProvisioningStyle = Automatic;
					};
				};
			};
			buildConfigurationList = A0B84C372071E17D009B34D6 /* Build configuration list for PBXProject "SaveMyTime" */;
			compatibilityVersion = "Xcode 8.0";
			developmentRegion = en;
			hasScannedForEncodings = 0;
			knownRegions = (
				en,
				Base,
			);
			mainGroup = A0B84C332071E17D009B34D6;
			productRefGroup = A0B84C3D2071E17D009B34D6 /* Products */;
			projectDirPath = "";
			projectRoot = "";
			targets = (
				A0B84C3B2071E17D009B34D6 /* SaveMyTime */,
			);
		};
/* End PBXProject section */

/* Begin PBXResourcesBuildPhase section */
		A0B84C3A2071E17D009B34D6 /* Resources */ = {
			isa = PBXResourcesBuildPhase;
			buildActionMask = 2147483647;
			files = (
				A077D541209AA83600B6C83A /* (null) in Resources */,
				A08080A3209AA9440067A716 /* ProfileViewController.storyboard in Resources */,
				A0B84C4D2071E17E009B34D6 /* LaunchScreen.storyboard in Resources */,
				A0B84C672071ED97009B34D6 /* organize.jpeg in Resources */,
				A08080A5209AA9D60067A716 /* TimeLineViewController.storyboard in Resources */,
				A0B84C592071ED7B009B34D6 /* meal.png in Resources */,
				A0B84C5C2071ED88009B34D6 /* entertainment.png in Resources */,
				A0B84C4A2071E17E009B34D6 /* Assets.xcassets in Resources */,
				A0B84C572071EBE5009B34D6 /* work.png in Resources */,
				A0B84C642071ED97009B34D6 /* trnsportation.jpeg in Resources */,
				47E6165C20996AA7007E3118 /* ActivityViewController.storyboard in Resources */,
				A0B84C692071ED97009B34D6 /* sleep.png in Resources */,
				A0B84C652071ED97009B34D6 /* family.png in Resources */,
				A0B84C682071ED97009B34D6 /* social.png in Resources */,
				A0B84C662071ED97009B34D6 /* exercise.jpeg in Resources */,
				A0B84C5D2071ED88009B34D6 /* shopping.png in Resources */,
				A0B84C452071E17E009B34D6 /* Main.storyboard in Resources */,
				47A0DA5F209B444A00CE8AC7 /* fontawesome-webfont.ttf in Resources */,
				47E6165720995BEA007E3118 /* GoogleService-Info.plist in Resources */,
			);
			runOnlyForDeploymentPostprocessing = 0;
		};
/* End PBXResourcesBuildPhase section */

/* Begin PBXShellScriptBuildPhase section */
		4680B7FDFCB735780BC0957B /* [CP] Check Pods Manifest.lock */ = {
			isa = PBXShellScriptBuildPhase;
			buildActionMask = 2147483647;
			files = (
			);
			inputPaths = (
				"${PODS_PODFILE_DIR_PATH}/Podfile.lock",
				"${PODS_ROOT}/Manifest.lock",
			);
			name = "[CP] Check Pods Manifest.lock";
			outputPaths = (
				"$(DERIVED_FILE_DIR)/Pods-SaveMyTime-checkManifestLockResult.txt",
			);
			runOnlyForDeploymentPostprocessing = 0;
			shellPath = /bin/sh;
			shellScript = "diff \"${PODS_PODFILE_DIR_PATH}/Podfile.lock\" \"${PODS_ROOT}/Manifest.lock\" > /dev/null\nif [ $? != 0 ] ; then\n    # print error to STDERR\n    echo \"error: The sandbox is not in sync with the Podfile.lock. Run 'pod install' or update your CocoaPods installation.\" >&2\n    exit 1\nfi\n# This output is used by Xcode 'outputs' to avoid re-running this script phase.\necho \"SUCCESS\" > \"${SCRIPT_OUTPUT_FILE_0}\"\n";
			showEnvVarsInLog = 0;
		};
		B7C5344B63B695E49C0A7E17 /* [CP] Embed Pods Frameworks */ = {
			isa = PBXShellScriptBuildPhase;
			buildActionMask = 2147483647;
			files = (
			);
			inputPaths = (
				"${SRCROOT}/Pods/Target Support Files/Pods-SaveMyTime/Pods-SaveMyTime-frameworks.sh",
				"${BUILT_PRODUCTS_DIR}/BoringSSL/openssl.framework",
				"${BUILT_PRODUCTS_DIR}/GTMSessionFetcher/GTMSessionFetcher.framework",
				"${BUILT_PRODUCTS_DIR}/GoogleToolboxForMac/GoogleToolboxForMac.framework",
				"${BUILT_PRODUCTS_DIR}/KYDrawerController/KYDrawerController.framework",
				"${BUILT_PRODUCTS_DIR}/PieCharts/PieCharts.framework",
				"${BUILT_PRODUCTS_DIR}/Protobuf/Protobuf.framework",
				"${BUILT_PRODUCTS_DIR}/SKFontAwesomeIconPickerView/SKFontAwesomeIconPickerView.framework",
				"${BUILT_PRODUCTS_DIR}/gRPC/GRPCClient.framework",
				"${BUILT_PRODUCTS_DIR}/gRPC-Core/grpc.framework",
				"${BUILT_PRODUCTS_DIR}/gRPC-ProtoRPC/ProtoRPC.framework",
				"${BUILT_PRODUCTS_DIR}/gRPC-RxLibrary/RxLibrary.framework",
				"${BUILT_PRODUCTS_DIR}/leveldb-library/leveldb.framework",
				"${BUILT_PRODUCTS_DIR}/nanopb/nanopb.framework",
			);
			name = "[CP] Embed Pods Frameworks";
			outputPaths = (
				"${TARGET_BUILD_DIR}/${FRAMEWORKS_FOLDER_PATH}/openssl.framework",
				"${TARGET_BUILD_DIR}/${FRAMEWORKS_FOLDER_PATH}/GTMSessionFetcher.framework",
				"${TARGET_BUILD_DIR}/${FRAMEWORKS_FOLDER_PATH}/GoogleToolboxForMac.framework",
				"${TARGET_BUILD_DIR}/${FRAMEWORKS_FOLDER_PATH}/KYDrawerController.framework",
				"${TARGET_BUILD_DIR}/${FRAMEWORKS_FOLDER_PATH}/PieCharts.framework",
				"${TARGET_BUILD_DIR}/${FRAMEWORKS_FOLDER_PATH}/Protobuf.framework",
				"${TARGET_BUILD_DIR}/${FRAMEWORKS_FOLDER_PATH}/SKFontAwesomeIconPickerView.framework",
				"${TARGET_BUILD_DIR}/${FRAMEWORKS_FOLDER_PATH}/GRPCClient.framework",
				"${TARGET_BUILD_DIR}/${FRAMEWORKS_FOLDER_PATH}/grpc.framework",
				"${TARGET_BUILD_DIR}/${FRAMEWORKS_FOLDER_PATH}/ProtoRPC.framework",
				"${TARGET_BUILD_DIR}/${FRAMEWORKS_FOLDER_PATH}/RxLibrary.framework",
				"${TARGET_BUILD_DIR}/${FRAMEWORKS_FOLDER_PATH}/leveldb.framework",
				"${TARGET_BUILD_DIR}/${FRAMEWORKS_FOLDER_PATH}/nanopb.framework",
			);
			runOnlyForDeploymentPostprocessing = 0;
			shellPath = /bin/sh;
			shellScript = "\"${SRCROOT}/Pods/Target Support Files/Pods-SaveMyTime/Pods-SaveMyTime-frameworks.sh\"\n";
			showEnvVarsInLog = 0;
		};
/* End PBXShellScriptBuildPhase section */

/* Begin PBXSourcesBuildPhase section */
		A0B84C382071E17D009B34D6 /* Sources */ = {
			isa = PBXSourcesBuildPhase;
			buildActionMask = 2147483647;
			files = (
				47A0DA63209C98C600CE8AC7 /* ActivityDetailViewController.swift in Sources */,
				47F03F2B2091513F007C3316 /* MenuTableViewController.swift in Sources */,
				A0B84C402071E17E009B34D6 /* AppDelegate.swift in Sources */,
				47BC82F3209A2AC400265A62 /* StatisticsViewController.swift in Sources */,
				478259922091F96400221820 /* ProfileViewController.swift in Sources */,
				47E6165A209966CF007E3118 /* ActivityViewController.swift in Sources */,
				474D5E48209147A1001199E7 /* DrawerViewController.swift in Sources */,
				478571AF209B3B1B00BF685B /* Activity.swift in Sources */,
				47BC82F7209A2C0200265A62 /* TimeLineViewController.swift in Sources */,
				478571B1209B3C9E00BF685B /* ActivityCollectionViewCell.swift in Sources */,
			);
			runOnlyForDeploymentPostprocessing = 0;
		};
/* End PBXSourcesBuildPhase section */

/* Begin PBXVariantGroup section */
		A0B84C432071E17E009B34D6 /* Main.storyboard */ = {
			isa = PBXVariantGroup;
			children = (
				A0B84C442071E17E009B34D6 /* Base */,
			);
			name = Main.storyboard;
			sourceTree = "<group>";
		};
		A0B84C4B2071E17E009B34D6 /* LaunchScreen.storyboard */ = {
			isa = PBXVariantGroup;
			children = (
				A0B84C4C2071E17E009B34D6 /* Base */,
			);
			name = LaunchScreen.storyboard;
			sourceTree = "<group>";
		};
/* End PBXVariantGroup section */

/* Begin XCBuildConfiguration section */
		A0B84C4F2071E17E009B34D6 /* Debug */ = {
			isa = XCBuildConfiguration;
			buildSettings = {
				ALWAYS_SEARCH_USER_PATHS = NO;
				CLANG_ANALYZER_NONNULL = YES;
				CLANG_ANALYZER_NUMBER_OBJECT_CONVERSION = YES_AGGRESSIVE;
				CLANG_CXX_LANGUAGE_STANDARD = "gnu++14";
				CLANG_CXX_LIBRARY = "libc++";
				CLANG_ENABLE_MODULES = YES;
				CLANG_ENABLE_OBJC_ARC = YES;
				CLANG_WARN_BLOCK_CAPTURE_AUTORELEASING = YES;
				CLANG_WARN_BOOL_CONVERSION = YES;
				CLANG_WARN_COMMA = YES;
				CLANG_WARN_CONSTANT_CONVERSION = YES;
				CLANG_WARN_DIRECT_OBJC_ISA_USAGE = YES_ERROR;
				CLANG_WARN_DOCUMENTATION_COMMENTS = YES;
				CLANG_WARN_EMPTY_BODY = YES;
				CLANG_WARN_ENUM_CONVERSION = YES;
				CLANG_WARN_INFINITE_RECURSION = YES;
				CLANG_WARN_INT_CONVERSION = YES;
				CLANG_WARN_NON_LITERAL_NULL_CONVERSION = YES;
				CLANG_WARN_OBJC_LITERAL_CONVERSION = YES;
				CLANG_WARN_OBJC_ROOT_CLASS = YES_ERROR;
				CLANG_WARN_RANGE_LOOP_ANALYSIS = YES;
				CLANG_WARN_STRICT_PROTOTYPES = YES;
				CLANG_WARN_SUSPICIOUS_MOVE = YES;
				CLANG_WARN_UNGUARDED_AVAILABILITY = YES_AGGRESSIVE;
				CLANG_WARN_UNREACHABLE_CODE = YES;
				CLANG_WARN__DUPLICATE_METHOD_MATCH = YES;
				CODE_SIGN_IDENTITY = "iPhone Developer";
				COPY_PHASE_STRIP = NO;
				DEBUG_INFORMATION_FORMAT = dwarf;
				ENABLE_STRICT_OBJC_MSGSEND = YES;
				ENABLE_TESTABILITY = YES;
				GCC_C_LANGUAGE_STANDARD = gnu11;
				GCC_DYNAMIC_NO_PIC = NO;
				GCC_NO_COMMON_BLOCKS = YES;
				GCC_OPTIMIZATION_LEVEL = 0;
				GCC_PREPROCESSOR_DEFINITIONS = (
					"DEBUG=1",
					"$(inherited)",
				);
				GCC_WARN_64_TO_32_BIT_CONVERSION = YES;
				GCC_WARN_ABOUT_RETURN_TYPE = YES_ERROR;
				GCC_WARN_UNDECLARED_SELECTOR = YES;
				GCC_WARN_UNINITIALIZED_AUTOS = YES_AGGRESSIVE;
				GCC_WARN_UNUSED_FUNCTION = YES;
				GCC_WARN_UNUSED_VARIABLE = YES;
				IPHONEOS_DEPLOYMENT_TARGET = 11.2;
				MTL_ENABLE_DEBUG_INFO = YES;
				ONLY_ACTIVE_ARCH = YES;
				SDKROOT = iphoneos;
				SWIFT_ACTIVE_COMPILATION_CONDITIONS = DEBUG;
				SWIFT_OPTIMIZATION_LEVEL = "-Onone";
			};
			name = Debug;
		};
		A0B84C502071E17E009B34D6 /* Release */ = {
			isa = XCBuildConfiguration;
			buildSettings = {
				ALWAYS_SEARCH_USER_PATHS = NO;
				CLANG_ANALYZER_NONNULL = YES;
				CLANG_ANALYZER_NUMBER_OBJECT_CONVERSION = YES_AGGRESSIVE;
				CLANG_CXX_LANGUAGE_STANDARD = "gnu++14";
				CLANG_CXX_LIBRARY = "libc++";
				CLANG_ENABLE_MODULES = YES;
				CLANG_ENABLE_OBJC_ARC = YES;
				CLANG_WARN_BLOCK_CAPTURE_AUTORELEASING = YES;
				CLANG_WARN_BOOL_CONVERSION = YES;
				CLANG_WARN_COMMA = YES;
				CLANG_WARN_CONSTANT_CONVERSION = YES;
				CLANG_WARN_DIRECT_OBJC_ISA_USAGE = YES_ERROR;
				CLANG_WARN_DOCUMENTATION_COMMENTS = YES;
				CLANG_WARN_EMPTY_BODY = YES;
				CLANG_WARN_ENUM_CONVERSION = YES;
				CLANG_WARN_INFINITE_RECURSION = YES;
				CLANG_WARN_INT_CONVERSION = YES;
				CLANG_WARN_NON_LITERAL_NULL_CONVERSION = YES;
				CLANG_WARN_OBJC_LITERAL_CONVERSION = YES;
				CLANG_WARN_OBJC_ROOT_CLASS = YES_ERROR;
				CLANG_WARN_RANGE_LOOP_ANALYSIS = YES;
				CLANG_WARN_STRICT_PROTOTYPES = YES;
				CLANG_WARN_SUSPICIOUS_MOVE = YES;
				CLANG_WARN_UNGUARDED_AVAILABILITY = YES_AGGRESSIVE;
				CLANG_WARN_UNREACHABLE_CODE = YES;
				CLANG_WARN__DUPLICATE_METHOD_MATCH = YES;
				CODE_SIGN_IDENTITY = "iPhone Developer";
				COPY_PHASE_STRIP = NO;
				DEBUG_INFORMATION_FORMAT = "dwarf-with-dsym";
				ENABLE_NS_ASSERTIONS = NO;
				ENABLE_STRICT_OBJC_MSGSEND = YES;
				GCC_C_LANGUAGE_STANDARD = gnu11;
				GCC_NO_COMMON_BLOCKS = YES;
				GCC_WARN_64_TO_32_BIT_CONVERSION = YES;
				GCC_WARN_ABOUT_RETURN_TYPE = YES_ERROR;
				GCC_WARN_UNDECLARED_SELECTOR = YES;
				GCC_WARN_UNINITIALIZED_AUTOS = YES_AGGRESSIVE;
				GCC_WARN_UNUSED_FUNCTION = YES;
				GCC_WARN_UNUSED_VARIABLE = YES;
				IPHONEOS_DEPLOYMENT_TARGET = 11.2;
				MTL_ENABLE_DEBUG_INFO = NO;
				SDKROOT = iphoneos;
				SWIFT_OPTIMIZATION_LEVEL = "-Owholemodule";
				VALIDATE_PRODUCT = YES;
			};
			name = Release;
		};
		A0B84C522071E17E009B34D6 /* Debug */ = {
			isa = XCBuildConfiguration;
			baseConfigurationReference = 102878820469CF5D3C953781 /* Pods-SaveMyTime.debug.xcconfig */;
			buildSettings = {
				ASSETCATALOG_COMPILER_APPICON_NAME = AppIcon;
				CODE_SIGN_STYLE = Automatic;
				INFOPLIST_FILE = SaveMyTime/Info.plist;
				LD_RUNPATH_SEARCH_PATHS = "$(inherited) @executable_path/Frameworks";
				PRODUCT_BUNDLE_IDENTIFIER = "edu.rose-hulman.SaveMyTime";
				PRODUCT_NAME = "$(TARGET_NAME)";
				SWIFT_VERSION = 4.0;
				TARGETED_DEVICE_FAMILY = "1,2";
			};
			name = Debug;
		};
		A0B84C532071E17E009B34D6 /* Release */ = {
			isa = XCBuildConfiguration;
			baseConfigurationReference = 1CFD217EFF9B54E1801063B6 /* Pods-SaveMyTime.release.xcconfig */;
			buildSettings = {
				ASSETCATALOG_COMPILER_APPICON_NAME = AppIcon;
				CODE_SIGN_STYLE = Automatic;
				INFOPLIST_FILE = SaveMyTime/Info.plist;
				LD_RUNPATH_SEARCH_PATHS = "$(inherited) @executable_path/Frameworks";
				PRODUCT_BUNDLE_IDENTIFIER = "edu.rose-hulman.SaveMyTime";
				PRODUCT_NAME = "$(TARGET_NAME)";
				SWIFT_VERSION = 4.0;
				TARGETED_DEVICE_FAMILY = "1,2";
			};
			name = Release;
		};
/* End XCBuildConfiguration section */

/* Begin XCConfigurationList section */
		A0B84C372071E17D009B34D6 /* Build configuration list for PBXProject "SaveMyTime" */ = {
			isa = XCConfigurationList;
			buildConfigurations = (
				A0B84C4F2071E17E009B34D6 /* Debug */,
				A0B84C502071E17E009B34D6 /* Release */,
			);
			defaultConfigurationIsVisible = 0;
			defaultConfigurationName = Release;
		};
		A0B84C512071E17E009B34D6 /* Build configuration list for PBXNativeTarget "SaveMyTime" */ = {
			isa = XCConfigurationList;
			buildConfigurations = (
				A0B84C522071E17E009B34D6 /* Debug */,
				A0B84C532071E17E009B34D6 /* Release */,
			);
			defaultConfigurationIsVisible = 0;
			defaultConfigurationName = Release;
		};
/* End XCConfigurationList section */

/* Begin XCVersionGroup section */
		A0B84C462071E17E009B34D6 /* SaveMyTime.xcdatamodeld */ = {
			isa = XCVersionGroup;
			children = (
				A0B84C472071E17E009B34D6 /* SaveMyTime.xcdatamodel */,
			);
			currentVersion = A0B84C472071E17E009B34D6 /* SaveMyTime.xcdatamodel */;
			path = SaveMyTime.xcdatamodeld;
			sourceTree = "<group>";
			versionGroupType = wrapper.xcdatamodel;
		};
/* End XCVersionGroup section */
	};
	rootObject = A0B84C342071E17D009B34D6 /* Project object */;
}
